// !$*UTF8*$!
{
	archiveVersion = 1;
	classes = {
	};
	objectVersion = 46;
	objects = {

/* Begin PBXBuildFile section */
		A300BCB81BECAF8700F961E6 /* LevelSceneActiveState.swift in Sources */ = {isa = PBXBuildFile; fileRef = A300BCB71BECAF8700F961E6 /* LevelSceneActiveState.swift */; };
		A300BCBA1BECAFA500F961E6 /* LevelScenePauseState.swift in Sources */ = {isa = PBXBuildFile; fileRef = A300BCB91BECAFA500F961E6 /* LevelScenePauseState.swift */; };
		A300BCBC1BECAFFE00F961E6 /* LevelSceneSuccessState.swift in Sources */ = {isa = PBXBuildFile; fileRef = A300BCBB1BECAFFE00F961E6 /* LevelSceneSuccessState.swift */; };
		A300BCBE1BECB01000F961E6 /* LevelSceneFailState.swift in Sources */ = {isa = PBXBuildFile; fileRef = A300BCBD1BECB01000F961E6 /* LevelSceneFailState.swift */; };
		A3021B461BE65FF6006AD451 /* SelectSceneButtonNode.swift in Sources */ = {isa = PBXBuildFile; fileRef = A3021B451BE65FF6006AD451 /* SelectSceneButtonNode.swift */; };
		A304BA031BE06B130082854C /* SceneConfiguration.plist in Resources */ = {isa = PBXBuildFile; fileRef = A304BA021BE06B130082854C /* SceneConfiguration.plist */; };
		A304BA051BE097700082854C /* HomeEndScene.swift in Sources */ = {isa = PBXBuildFile; fileRef = A304BA041BE097700082854C /* HomeEndScene.swift */; };
		A304BA071BE097C60082854C /* LevelScene.swift in Sources */ = {isa = PBXBuildFile; fileRef = A304BA061BE097C60082854C /* LevelScene.swift */; };
		A304BA0A1BE09D170082854C /* HomeScene.sks in Resources */ = {isa = PBXBuildFile; fileRef = A304BA091BE09D170082854C /* HomeScene.sks */; };
		A304EF961BEC562E00CABDFC /* BaseScene+SelSceneButton.swift in Sources */ = {isa = PBXBuildFile; fileRef = A304EF951BEC562E00CABDFC /* BaseScene+SelSceneButton.swift */; };
		A30D727C1BDEF87600BBA2EC /* LoadSceneOperation.swift in Sources */ = {isa = PBXBuildFile; fileRef = A30D727B1BDEF87600BBA2EC /* LoadSceneOperation.swift */; };
		A30D727E1BDEF91F00BBA2EC /* Operation.swift in Sources */ = {isa = PBXBuildFile; fileRef = A30D727D1BDEF91F00BBA2EC /* Operation.swift */; };
		A30D72801BDEF9C200BBA2EC /* BaseScene+TouchEventForwarding.swift in Sources */ = {isa = PBXBuildFile; fileRef = A30D727F1BDEF9C200BBA2EC /* BaseScene+TouchEventForwarding.swift */; };
		A30D72821BDEFAE500BBA2EC /* LoadResourcesOperation.swift in Sources */ = {isa = PBXBuildFile; fileRef = A30D72811BDEFAE400BBA2EC /* LoadResourcesOperation.swift */; };
		A3579D061BDDBE1B004F9020 /* Level1.sks in Resources */ = {isa = PBXBuildFile; fileRef = A3579D051BDDBE1B004F9020 /* Level1.sks */; };
		A3579D081BDDC0F8004F9020 /* common.xcassets in Resources */ = {isa = PBXBuildFile; fileRef = A3579D071BDDC0F8004F9020 /* common.xcassets */; };
		A3579D481BDDCCDE004F9020 /* Assets.xcassets in Resources */ = {isa = PBXBuildFile; fileRef = A3579D471BDDCCDE004F9020 /* Assets.xcassets */; };
		A3579D4B1BDDD7E2004F9020 /* GameConfiguration.swift in Sources */ = {isa = PBXBuildFile; fileRef = A3579D4A1BDDD7E2004F9020 /* GameConfiguration.swift */; };
		A3579D4D1BDDDF3A004F9020 /* TouchControlInputNode.swift in Sources */ = {isa = PBXBuildFile; fileRef = A3579D4C1BDDDF3A004F9020 /* TouchControlInputNode.swift */; };
		A3579D4F1BDDE0A6004F9020 /* ThumbStickNode.swift in Sources */ = {isa = PBXBuildFile; fileRef = A3579D4E1BDDE0A6004F9020 /* ThumbStickNode.swift */; };
		A3579D521BDDE8AE004F9020 /* ControlInputSource.swift in Sources */ = {isa = PBXBuildFile; fileRef = A3579D511BDDE8AE004F9020 /* ControlInputSource.swift */; };
		A3579D541BDDF465004F9020 /* GameInput.swift in Sources */ = {isa = PBXBuildFile; fileRef = A3579D531BDDF465004F9020 /* GameInput.swift */; };
		A3579D561BDDF50F004F9020 /* GameControllerInputSource.swift in Sources */ = {isa = PBXBuildFile; fileRef = A3579D551BDDF50F004F9020 /* GameControllerInputSource.swift */; };
		A3579D591BDDF7F6004F9020 /* SceneManager.swift in Sources */ = {isa = PBXBuildFile; fileRef = A3579D581BDDF7F6004F9020 /* SceneManager.swift */; };
		A3579D5B1BDDF874004F9020 /* SceneMetadata.swift in Sources */ = {isa = PBXBuildFile; fileRef = A3579D5A1BDDF874004F9020 /* SceneMetadata.swift */; };
		A3579D5D1BDDF945004F9020 /* BaseScene.swift in Sources */ = {isa = PBXBuildFile; fileRef = A3579D5C1BDDF945004F9020 /* BaseScene.swift */; };
		A3579D5F1BDDFC4B004F9020 /* SceneLoader.swift in Sources */ = {isa = PBXBuildFile; fileRef = A3579D5E1BDDFC4B004F9020 /* SceneLoader.swift */; };
		A3579D611BDDFDA5004F9020 /* ResourceLoadableType.swift in Sources */ = {isa = PBXBuildFile; fileRef = A3579D601BDDFDA5004F9020 /* ResourceLoadableType.swift */; };
		A3579D641BDDFF51004F9020 /* SceneLoaderInitialState.swift in Sources */ = {isa = PBXBuildFile; fileRef = A3579D631BDDFF51004F9020 /* SceneLoaderInitialState.swift */; };
		A3579D661BDDFFC8004F9020 /* SceneLoaderDownloadingResourcesState.swift in Sources */ = {isa = PBXBuildFile; fileRef = A3579D651BDDFFC8004F9020 /* SceneLoaderDownloadingResourcesState.swift */; };
		A3579D681BDE0030004F9020 /* SceneLoaderDownloadFailedState.swift in Sources */ = {isa = PBXBuildFile; fileRef = A3579D671BDE0030004F9020 /* SceneLoaderDownloadFailedState.swift */; };
		A3579D6A1BDE0072004F9020 /* SceneLoaderResourcesAvailableState.swift in Sources */ = {isa = PBXBuildFile; fileRef = A3579D691BDE0071004F9020 /* SceneLoaderResourcesAvailableState.swift */; };
		A3579D6C1BDE00C6004F9020 /* SceneLoaderPreparingResourcesState.swift in Sources */ = {isa = PBXBuildFile; fileRef = A3579D6B1BDE00C6004F9020 /* SceneLoaderPreparingResourcesState.swift */; };
		A3579D6E1BDE0158004F9020 /* SceneLoaderResourcesReadyState.swift in Sources */ = {isa = PBXBuildFile; fileRef = A3579D6D1BDE0158004F9020 /* SceneLoaderResourcesReadyState.swift */; };
		A3579D701BDE0896004F9020 /* SceneOverlay.swift in Sources */ = {isa = PBXBuildFile; fileRef = A3579D6F1BDE0896004F9020 /* SceneOverlay.swift */; };
		A3579D721BDE0C9D004F9020 /* ButtonNode.swift in Sources */ = {isa = PBXBuildFile; fileRef = A3579D711BDE0C9D004F9020 /* ButtonNode.swift */; };
		A3579D741BDE0D4D004F9020 /* BaseScene+Buttons.swift in Sources */ = {isa = PBXBuildFile; fileRef = A3579D731BDE0D4D004F9020 /* BaseScene+Buttons.swift */; };
		A3579D761BDE0DDA004F9020 /* BaseScene+Focus.swift in Sources */ = {isa = PBXBuildFile; fileRef = A3579D751BDE0DDA004F9020 /* BaseScene+Focus.swift */; };
		A3BB0F961BDB959C008D8C1A /* AppDelegate.swift in Sources */ = {isa = PBXBuildFile; fileRef = A3BB0F951BDB959C008D8C1A /* AppDelegate.swift */; };
		A3BB0F9C1BDB959D008D8C1A /* GameViewController.swift in Sources */ = {isa = PBXBuildFile; fileRef = A3BB0F9B1BDB959D008D8C1A /* GameViewController.swift */; };
		A3BB0F9F1BDB959D008D8C1A /* Main.storyboard in Resources */ = {isa = PBXBuildFile; fileRef = A3BB0F9D1BDB959D008D8C1A /* Main.storyboard */; };
		A3BB0FA41BDB959D008D8C1A /* LaunchScreen.storyboard in Resources */ = {isa = PBXBuildFile; fileRef = A3BB0FA21BDB959D008D8C1A /* LaunchScreen.storyboard */; };
		A3BB0FAF1BDB959D008D8C1A /* TankBattleTests.swift in Sources */ = {isa = PBXBuildFile; fileRef = A3BB0FAE1BDB959D008D8C1A /* TankBattleTests.swift */; };
		A3BB0FBA1BDB959D008D8C1A /* TankBattleUITests.swift in Sources */ = {isa = PBXBuildFile; fileRef = A3BB0FB91BDB959D008D8C1A /* TankBattleUITests.swift */; };
		A3F87C4D1BE5EBFF00C685CB /* SelectLevelScene.swift in Sources */ = {isa = PBXBuildFile; fileRef = A3F87C4C1BE5EBFF00C685CB /* SelectLevelScene.swift */; };
		A3F87C501BE5ECFC00C685CB /* SelectLevelScene.sks in Resources */ = {isa = PBXBuildFile; fileRef = A3F87C4F1BE5ECFC00C685CB /* SelectLevelScene.sks */; };
		A3F8CD5E1BDD14F00019C58C /* PlayerTank.xcassets in Resources */ = {isa = PBXBuildFile; fileRef = A3F8CD5D1BDD14F00019C58C /* PlayerTank.xcassets */; };
		A3F8CD621BDD15BF0019C58C /* NormalTaskTank.xcassets in Resources */ = {isa = PBXBuildFile; fileRef = A3F8CD611BDD15BF0019C58C /* NormalTaskTank.xcassets */; };
/* End PBXBuildFile section */

/* Begin PBXContainerItemProxy section */
		A3BB0FAB1BDB959D008D8C1A /* PBXContainerItemProxy */ = {
			isa = PBXContainerItemProxy;
			containerPortal = A3BB0F8A1BDB959C008D8C1A /* Project object */;
			proxyType = 1;
			remoteGlobalIDString = A3BB0F911BDB959C008D8C1A;
			remoteInfo = TankBattle;
		};
		A3BB0FB61BDB959D008D8C1A /* PBXContainerItemProxy */ = {
			isa = PBXContainerItemProxy;
			containerPortal = A3BB0F8A1BDB959C008D8C1A /* Project object */;
			proxyType = 1;
			remoteGlobalIDString = A3BB0F911BDB959C008D8C1A;
			remoteInfo = TankBattle;
		};
/* End PBXContainerItemProxy section */

/* Begin PBXFileReference section */
		A300BCB71BECAF8700F961E6 /* LevelSceneActiveState.swift */ = {isa = PBXFileReference; fileEncoding = 4; lastKnownFileType = sourcecode.swift; path = LevelSceneActiveState.swift; sourceTree = "<group>"; };
		A300BCB91BECAFA500F961E6 /* LevelScenePauseState.swift */ = {isa = PBXFileReference; fileEncoding = 4; lastKnownFileType = sourcecode.swift; path = LevelScenePauseState.swift; sourceTree = "<group>"; };
		A300BCBB1BECAFFE00F961E6 /* LevelSceneSuccessState.swift */ = {isa = PBXFileReference; fileEncoding = 4; lastKnownFileType = sourcecode.swift; path = LevelSceneSuccessState.swift; sourceTree = "<group>"; };
		A300BCBD1BECB01000F961E6 /* LevelSceneFailState.swift */ = {isa = PBXFileReference; fileEncoding = 4; lastKnownFileType = sourcecode.swift; path = LevelSceneFailState.swift; sourceTree = "<group>"; };
		A3021B451BE65FF6006AD451 /* SelectSceneButtonNode.swift */ = {isa = PBXFileReference; fileEncoding = 4; lastKnownFileType = sourcecode.swift; path = SelectSceneButtonNode.swift; sourceTree = "<group>"; };
		A304BA021BE06B130082854C /* SceneConfiguration.plist */ = {isa = PBXFileReference; fileEncoding = 4; lastKnownFileType = text.plist.xml; path = SceneConfiguration.plist; sourceTree = "<group>"; };
		A304BA041BE097700082854C /* HomeEndScene.swift */ = {isa = PBXFileReference; fileEncoding = 4; lastKnownFileType = sourcecode.swift; path = HomeEndScene.swift; sourceTree = "<group>"; };
		A304BA061BE097C60082854C /* LevelScene.swift */ = {isa = PBXFileReference; fileEncoding = 4; lastKnownFileType = sourcecode.swift; path = LevelScene.swift; sourceTree = "<group>"; };
		A304BA091BE09D170082854C /* HomeScene.sks */ = {isa = PBXFileReference; lastKnownFileType = file.sks; path = HomeScene.sks; sourceTree = "<group>"; };
		A304EF951BEC562E00CABDFC /* BaseScene+SelSceneButton.swift */ = {isa = PBXFileReference; fileEncoding = 4; lastKnownFileType = sourcecode.swift; path = "BaseScene+SelSceneButton.swift"; sourceTree = "<group>"; };
		A30D727B1BDEF87600BBA2EC /* LoadSceneOperation.swift */ = {isa = PBXFileReference; fileEncoding = 4; lastKnownFileType = sourcecode.swift; path = LoadSceneOperation.swift; sourceTree = "<group>"; };
		A30D727D1BDEF91F00BBA2EC /* Operation.swift */ = {isa = PBXFileReference; fileEncoding = 4; lastKnownFileType = sourcecode.swift; path = Operation.swift; sourceTree = "<group>"; };
		A30D727F1BDEF9C200BBA2EC /* BaseScene+TouchEventForwarding.swift */ = {isa = PBXFileReference; fileEncoding = 4; lastKnownFileType = sourcecode.swift; path = "BaseScene+TouchEventForwarding.swift"; sourceTree = "<group>"; };
		A30D72811BDEFAE400BBA2EC /* LoadResourcesOperation.swift */ = {isa = PBXFileReference; fileEncoding = 4; lastKnownFileType = sourcecode.swift; path = LoadResourcesOperation.swift; sourceTree = "<group>"; };
		A3579D051BDDBE1B004F9020 /* Level1.sks */ = {isa = PBXFileReference; lastKnownFileType = file.sks; path = Level1.sks; sourceTree = "<group>"; };
		A3579D071BDDC0F8004F9020 /* common.xcassets */ = {isa = PBXFileReference; lastKnownFileType = folder.assetcatalog; path = common.xcassets; sourceTree = "<group>"; };
		A3579D471BDDCCDE004F9020 /* Assets.xcassets */ = {isa = PBXFileReference; lastKnownFileType = folder.assetcatalog; path = Assets.xcassets; sourceTree = "<group>"; };
		A3579D4A1BDDD7E2004F9020 /* GameConfiguration.swift */ = {isa = PBXFileReference; fileEncoding = 4; lastKnownFileType = sourcecode.swift; path = GameConfiguration.swift; sourceTree = "<group>"; };
		A3579D4C1BDDDF3A004F9020 /* TouchControlInputNode.swift */ = {isa = PBXFileReference; fileEncoding = 4; lastKnownFileType = sourcecode.swift; path = TouchControlInputNode.swift; sourceTree = "<group>"; };
		A3579D4E1BDDE0A6004F9020 /* ThumbStickNode.swift */ = {isa = PBXFileReference; fileEncoding = 4; lastKnownFileType = sourcecode.swift; path = ThumbStickNode.swift; sourceTree = "<group>"; };
		A3579D511BDDE8AE004F9020 /* ControlInputSource.swift */ = {isa = PBXFileReference; fileEncoding = 4; lastKnownFileType = sourcecode.swift; path = ControlInputSource.swift; sourceTree = "<group>"; };
		A3579D531BDDF465004F9020 /* GameInput.swift */ = {isa = PBXFileReference; fileEncoding = 4; lastKnownFileType = sourcecode.swift; path = GameInput.swift; sourceTree = "<group>"; };
		A3579D551BDDF50F004F9020 /* GameControllerInputSource.swift */ = {isa = PBXFileReference; fileEncoding = 4; lastKnownFileType = sourcecode.swift; path = GameControllerInputSource.swift; sourceTree = "<group>"; };
		A3579D581BDDF7F6004F9020 /* SceneManager.swift */ = {isa = PBXFileReference; fileEncoding = 4; lastKnownFileType = sourcecode.swift; path = SceneManager.swift; sourceTree = "<group>"; };
		A3579D5A1BDDF874004F9020 /* SceneMetadata.swift */ = {isa = PBXFileReference; fileEncoding = 4; lastKnownFileType = sourcecode.swift; path = SceneMetadata.swift; sourceTree = "<group>"; };
		A3579D5C1BDDF945004F9020 /* BaseScene.swift */ = {isa = PBXFileReference; fileEncoding = 4; lastKnownFileType = sourcecode.swift; path = BaseScene.swift; sourceTree = "<group>"; };
		A3579D5E1BDDFC4B004F9020 /* SceneLoader.swift */ = {isa = PBXFileReference; fileEncoding = 4; lastKnownFileType = sourcecode.swift; path = SceneLoader.swift; sourceTree = "<group>"; };
		A3579D601BDDFDA5004F9020 /* ResourceLoadableType.swift */ = {isa = PBXFileReference; fileEncoding = 4; lastKnownFileType = sourcecode.swift; path = ResourceLoadableType.swift; sourceTree = "<group>"; };
		A3579D631BDDFF51004F9020 /* SceneLoaderInitialState.swift */ = {isa = PBXFileReference; fileEncoding = 4; lastKnownFileType = sourcecode.swift; path = SceneLoaderInitialState.swift; sourceTree = "<group>"; };
		A3579D651BDDFFC8004F9020 /* SceneLoaderDownloadingResourcesState.swift */ = {isa = PBXFileReference; fileEncoding = 4; lastKnownFileType = sourcecode.swift; path = SceneLoaderDownloadingResourcesState.swift; sourceTree = "<group>"; };
		A3579D671BDE0030004F9020 /* SceneLoaderDownloadFailedState.swift */ = {isa = PBXFileReference; fileEncoding = 4; lastKnownFileType = sourcecode.swift; path = SceneLoaderDownloadFailedState.swift; sourceTree = "<group>"; };
		A3579D691BDE0071004F9020 /* SceneLoaderResourcesAvailableState.swift */ = {isa = PBXFileReference; fileEncoding = 4; lastKnownFileType = sourcecode.swift; path = SceneLoaderResourcesAvailableState.swift; sourceTree = "<group>"; };
		A3579D6B1BDE00C6004F9020 /* SceneLoaderPreparingResourcesState.swift */ = {isa = PBXFileReference; fileEncoding = 4; lastKnownFileType = sourcecode.swift; path = SceneLoaderPreparingResourcesState.swift; sourceTree = "<group>"; };
		A3579D6D1BDE0158004F9020 /* SceneLoaderResourcesReadyState.swift */ = {isa = PBXFileReference; fileEncoding = 4; lastKnownFileType = sourcecode.swift; path = SceneLoaderResourcesReadyState.swift; sourceTree = "<group>"; };
		A3579D6F1BDE0896004F9020 /* SceneOverlay.swift */ = {isa = PBXFileReference; fileEncoding = 4; lastKnownFileType = sourcecode.swift; path = SceneOverlay.swift; sourceTree = "<group>"; };
		A3579D711BDE0C9D004F9020 /* ButtonNode.swift */ = {isa = PBXFileReference; fileEncoding = 4; lastKnownFileType = sourcecode.swift; path = ButtonNode.swift; sourceTree = "<group>"; };
		A3579D731BDE0D4D004F9020 /* BaseScene+Buttons.swift */ = {isa = PBXFileReference; fileEncoding = 4; lastKnownFileType = sourcecode.swift; path = "BaseScene+Buttons.swift"; sourceTree = "<group>"; };
		A3579D751BDE0DDA004F9020 /* BaseScene+Focus.swift */ = {isa = PBXFileReference; fileEncoding = 4; lastKnownFileType = sourcecode.swift; path = "BaseScene+Focus.swift"; sourceTree = "<group>"; };
		A3BB0F921BDB959C008D8C1A /* TankBattle.app */ = {isa = PBXFileReference; explicitFileType = wrapper.application; includeInIndex = 0; path = TankBattle.app; sourceTree = BUILT_PRODUCTS_DIR; };
		A3BB0F951BDB959C008D8C1A /* AppDelegate.swift */ = {isa = PBXFileReference; lastKnownFileType = sourcecode.swift; name = AppDelegate.swift; path = TankBattle/AppDelegate.swift; sourceTree = "<group>"; };
		A3BB0F9B1BDB959D008D8C1A /* GameViewController.swift */ = {isa = PBXFileReference; lastKnownFileType = sourcecode.swift; name = GameViewController.swift; path = TankBattle/GameViewController.swift; sourceTree = "<group>"; };
		A3BB0F9E1BDB959D008D8C1A /* Base */ = {isa = PBXFileReference; lastKnownFileType = file.storyboard; name = Base; path = Base.lproj/Main.storyboard; sourceTree = "<group>"; };
		A3BB0FA31BDB959D008D8C1A /* Base */ = {isa = PBXFileReference; lastKnownFileType = file.storyboard; name = Base; path = Base.lproj/LaunchScreen.storyboard; sourceTree = "<group>"; };
		A3BB0FA51BDB959D008D8C1A /* Info.plist */ = {isa = PBXFileReference; lastKnownFileType = text.plist.xml; name = Info.plist; path = TankBattle/Info.plist; sourceTree = "<group>"; };
		A3BB0FAA1BDB959D008D8C1A /* TankBattleTests.xctest */ = {isa = PBXFileReference; explicitFileType = wrapper.cfbundle; includeInIndex = 0; path = TankBattleTests.xctest; sourceTree = BUILT_PRODUCTS_DIR; };
		A3BB0FAE1BDB959D008D8C1A /* TankBattleTests.swift */ = {isa = PBXFileReference; lastKnownFileType = sourcecode.swift; path = TankBattleTests.swift; sourceTree = "<group>"; };
		A3BB0FB01BDB959D008D8C1A /* Info.plist */ = {isa = PBXFileReference; lastKnownFileType = text.plist.xml; path = Info.plist; sourceTree = "<group>"; };
		A3BB0FB51BDB959D008D8C1A /* TankBattleUITests.xctest */ = {isa = PBXFileReference; explicitFileType = wrapper.cfbundle; includeInIndex = 0; path = TankBattleUITests.xctest; sourceTree = BUILT_PRODUCTS_DIR; };
		A3BB0FB91BDB959D008D8C1A /* TankBattleUITests.swift */ = {isa = PBXFileReference; lastKnownFileType = sourcecode.swift; path = TankBattleUITests.swift; sourceTree = "<group>"; };
		A3BB0FBB1BDB959D008D8C1A /* Info.plist */ = {isa = PBXFileReference; lastKnownFileType = text.plist.xml; path = Info.plist; sourceTree = "<group>"; };
		A3F87C4C1BE5EBFF00C685CB /* SelectLevelScene.swift */ = {isa = PBXFileReference; fileEncoding = 4; lastKnownFileType = sourcecode.swift; path = SelectLevelScene.swift; sourceTree = "<group>"; };
		A3F87C4F1BE5ECFC00C685CB /* SelectLevelScene.sks */ = {isa = PBXFileReference; lastKnownFileType = file.sks; path = SelectLevelScene.sks; sourceTree = "<group>"; };
		A3F8CD5D1BDD14F00019C58C /* PlayerTank.xcassets */ = {isa = PBXFileReference; lastKnownFileType = folder.assetcatalog; path = PlayerTank.xcassets; sourceTree = "<group>"; };
		A3F8CD611BDD15BF0019C58C /* NormalTaskTank.xcassets */ = {isa = PBXFileReference; lastKnownFileType = folder.assetcatalog; path = NormalTaskTank.xcassets; sourceTree = "<group>"; };
/* End PBXFileReference section */

/* Begin PBXFrameworksBuildPhase section */
		A3BB0F8F1BDB959C008D8C1A /* Frameworks */ = {
			isa = PBXFrameworksBuildPhase;
			buildActionMask = 2147483647;
			files = (
			);
			runOnlyForDeploymentPostprocessing = 0;
		};
		A3BB0FA71BDB959D008D8C1A /* Frameworks */ = {
			isa = PBXFrameworksBuildPhase;
			buildActionMask = 2147483647;
			files = (
			);
			runOnlyForDeploymentPostprocessing = 0;
		};
		A3BB0FB21BDB959D008D8C1A /* Frameworks */ = {
			isa = PBXFrameworksBuildPhase;
			buildActionMask = 2147483647;
			files = (
			);
			runOnlyForDeploymentPostprocessing = 0;
		};
/* End PBXFrameworksBuildPhase section */

/* Begin PBXGroup section */
		A300BCB61BECAE4800F961E6 /* LevelScene States */ = {
			isa = PBXGroup;
			children = (
				A300BCB71BECAF8700F961E6 /* LevelSceneActiveState.swift */,
				A300BCB91BECAFA500F961E6 /* LevelScenePauseState.swift */,
				A300BCBB1BECAFFE00F961E6 /* LevelSceneSuccessState.swift */,
				A300BCBD1BECB01000F961E6 /* LevelSceneFailState.swift */,
			);
			name = "LevelScene States";
			sourceTree = "<group>";
		};
		A304BA081BE09CDE0082854C /* HomeScene */ = {
			isa = PBXGroup;
			children = (
				A304BA091BE09D170082854C /* HomeScene.sks */,
			);
			name = HomeScene;
			sourceTree = "<group>";
		};
		A3579D491BDDD790004F9020 /* Configurations */ = {
			isa = PBXGroup;
			children = (
				A3579D4A1BDDD7E2004F9020 /* GameConfiguration.swift */,
			);
			name = Configurations;
			sourceTree = "<group>";
		};
		A3579D501BDDE865004F9020 /* Player Control */ = {
			isa = PBXGroup;
			children = (
				A3579D511BDDE8AE004F9020 /* ControlInputSource.swift */,
				A3579D531BDDF465004F9020 /* GameInput.swift */,
				A3579D551BDDF50F004F9020 /* GameControllerInputSource.swift */,
				A30D727F1BDEF9C200BBA2EC /* BaseScene+TouchEventForwarding.swift */,
			);
			name = "Player Control";
			sourceTree = "<group>";
		};
		A3579D571BDDF7C3004F9020 /* Scene Loading and ODR */ = {
			isa = PBXGroup;
			children = (
				A3579D581BDDF7F6004F9020 /* SceneManager.swift */,
				A3579D5A1BDDF874004F9020 /* SceneMetadata.swift */,
				A3579D5E1BDDFC4B004F9020 /* SceneLoader.swift */,
				A3579D601BDDFDA5004F9020 /* ResourceLoadableType.swift */,
				A30D727D1BDEF91F00BBA2EC /* Operation.swift */,
				A30D727B1BDEF87600BBA2EC /* LoadSceneOperation.swift */,
				A3579D621BDDFF0B004F9020 /* SceneLoader States */,
				A30D72811BDEFAE400BBA2EC /* LoadResourcesOperation.swift */,
			);
			name = "Scene Loading and ODR";
			sourceTree = "<group>";
		};
		A3579D621BDDFF0B004F9020 /* SceneLoader States */ = {
			isa = PBXGroup;
			children = (
				A3579D631BDDFF51004F9020 /* SceneLoaderInitialState.swift */,
				A3579D651BDDFFC8004F9020 /* SceneLoaderDownloadingResourcesState.swift */,
				A3579D671BDE0030004F9020 /* SceneLoaderDownloadFailedState.swift */,
				A3579D691BDE0071004F9020 /* SceneLoaderResourcesAvailableState.swift */,
				A3579D6B1BDE00C6004F9020 /* SceneLoaderPreparingResourcesState.swift */,
				A3579D6D1BDE0158004F9020 /* SceneLoaderResourcesReadyState.swift */,
			);
			name = "SceneLoader States";
			sourceTree = "<group>";
		};
		A3BB0F891BDB959C008D8C1A = {
			isa = PBXGroup;
			children = (
				A3BB0F941BDB959C008D8C1A /* TankBattle */,
				A3BB0FAD1BDB959D008D8C1A /* TankBattleTests */,
				A3BB0FB81BDB959D008D8C1A /* TankBattleUITests */,
				A3BB0F931BDB959C008D8C1A /* Products */,
			);
			sourceTree = "<group>";
		};
		A3BB0F931BDB959C008D8C1A /* Products */ = {
			isa = PBXGroup;
			children = (
				A3BB0F921BDB959C008D8C1A /* TankBattle.app */,
				A3BB0FAA1BDB959D008D8C1A /* TankBattleTests.xctest */,
				A3BB0FB51BDB959D008D8C1A /* TankBattleUITests.xctest */,
			);
			name = Products;
			sourceTree = "<group>";
		};
		A3BB0F941BDB959C008D8C1A /* TankBattle */ = {
			isa = PBXGroup;
			children = (
				A3579D571BDDF7C3004F9020 /* Scene Loading and ODR */,
				A3579D501BDDE865004F9020 /* Player Control */,
				A3579D491BDDD790004F9020 /* Configurations */,
				A3F8CD571BDD0C120019C58C /* Scenes */,
				A3F8CD581BDD0C450019C58C /* Entities */,
				A3F8CD591BDD0F5B0019C58C /* Components */,
				A3F8CD5A1BDD10CE0019C58C /* Nodes */,
				A3F8CD5B1BDD10DA0019C58C /* Rules */,
				A3F8CD5C1BDD10E20019C58C /* Behaviors */,
				A3BB0FC81BDB961A008D8C1A /* Assets */,
				A3BB0FC71BDB95E8008D8C1A /* iOS */,
			);
			path = TankBattle;
			sourceTree = "<group>";
		};
		A3BB0FAD1BDB959D008D8C1A /* TankBattleTests */ = {
			isa = PBXGroup;
			children = (
				A3BB0FAE1BDB959D008D8C1A /* TankBattleTests.swift */,
				A3BB0FB01BDB959D008D8C1A /* Info.plist */,
			);
			path = TankBattleTests;
			sourceTree = "<group>";
		};
		A3BB0FB81BDB959D008D8C1A /* TankBattleUITests */ = {
			isa = PBXGroup;
			children = (
				A3BB0FB91BDB959D008D8C1A /* TankBattleUITests.swift */,
				A3BB0FBB1BDB959D008D8C1A /* Info.plist */,
			);
			path = TankBattleUITests;
			sourceTree = "<group>";
		};
		A3BB0FC71BDB95E8008D8C1A /* iOS */ = {
			isa = PBXGroup;
			children = (
				A3BB0FA51BDB959D008D8C1A /* Info.plist */,
				A3BB0FA21BDB959D008D8C1A /* LaunchScreen.storyboard */,
				A3BB0F9D1BDB959D008D8C1A /* Main.storyboard */,
				A3BB0F9B1BDB959D008D8C1A /* GameViewController.swift */,
				A3BB0F951BDB959C008D8C1A /* AppDelegate.swift */,
			);
			name = iOS;
			path = ..;
			sourceTree = "<group>";
		};
		A3BB0FC81BDB961A008D8C1A /* Assets */ = {
			isa = PBXGroup;
			children = (
				A304BA081BE09CDE0082854C /* HomeScene */,
				A3F87C4E1BE5ECBA00C685CB /* SelectLevelScene */,
				A3579D471BDDCCDE004F9020 /* Assets.xcassets */,
				A3BB0FCA1BDB97EC008D8C1A /* Scenes */,
				A3BB0FCB1BDB98BE008D8C1A /* Level1 */,
				A3BB0FCD1BDB98F0008D8C1A /* TaskTank */,
				A3BB0FCC1BDB98D4008D8C1A /* PlayerTank */,
			);
			name = Assets;
			path = ..;
			sourceTree = "<group>";
		};
		A3BB0FCA1BDB97EC008D8C1A /* Scenes */ = {
			isa = PBXGroup;
			children = (
				A3579D071BDDC0F8004F9020 /* common.xcassets */,
				A304BA021BE06B130082854C /* SceneConfiguration.plist */,
			);
			name = Scenes;
			sourceTree = "<group>";
		};
		A3BB0FCB1BDB98BE008D8C1A /* Level1 */ = {
			isa = PBXGroup;
			children = (
				A3579D051BDDBE1B004F9020 /* Level1.sks */,
			);
			name = Level1;
			sourceTree = "<group>";
		};
		A3BB0FCC1BDB98D4008D8C1A /* PlayerTank */ = {
			isa = PBXGroup;
			children = (
				A3F8CD5D1BDD14F00019C58C /* PlayerTank.xcassets */,
			);
			name = PlayerTank;
			sourceTree = "<group>";
		};
		A3BB0FCD1BDB98F0008D8C1A /* TaskTank */ = {
			isa = PBXGroup;
			children = (
				A3F8CD611BDD15BF0019C58C /* NormalTaskTank.xcassets */,
			);
			name = TaskTank;
			sourceTree = "<group>";
		};
		A3F87C4E1BE5ECBA00C685CB /* SelectLevelScene */ = {
			isa = PBXGroup;
			children = (
				A3F87C4F1BE5ECFC00C685CB /* SelectLevelScene.sks */,
			);
			name = SelectLevelScene;
			sourceTree = "<group>";
		};
		A3F8CD571BDD0C120019C58C /* Scenes */ = {
			isa = PBXGroup;
			children = (
				A300BCB61BECAE4800F961E6 /* LevelScene States */,
				A3579D5C1BDDF945004F9020 /* BaseScene.swift */,
				A304BA041BE097700082854C /* HomeEndScene.swift */,
				A3F87C4C1BE5EBFF00C685CB /* SelectLevelScene.swift */,
				A304BA061BE097C60082854C /* LevelScene.swift */,
				A3579D6F1BDE0896004F9020 /* SceneOverlay.swift */,
				A3579D731BDE0D4D004F9020 /* BaseScene+Buttons.swift */,
				A304EF951BEC562E00CABDFC /* BaseScene+SelSceneButton.swift */,
				A3579D751BDE0DDA004F9020 /* BaseScene+Focus.swift */,
			);
			name = Scenes;
			sourceTree = "<group>";
		};
		A3F8CD581BDD0C450019C58C /* Entities */ = {
			isa = PBXGroup;
			children = (
			);
			name = Entities;
			sourceTree = "<group>";
		};
		A3F8CD591BDD0F5B0019C58C /* Components */ = {
			isa = PBXGroup;
			children = (
			);
			name = Components;
			sourceTree = "<group>";
		};
		A3F8CD5A1BDD10CE0019C58C /* Nodes */ = {
			isa = PBXGroup;
			children = (
				A3579D4C1BDDDF3A004F9020 /* TouchControlInputNode.swift */,
				A3579D4E1BDDE0A6004F9020 /* ThumbStickNode.swift */,
				A3579D711BDE0C9D004F9020 /* ButtonNode.swift */,
				A3021B451BE65FF6006AD451 /* SelectSceneButtonNode.swift */,
			);
			name = Nodes;
			sourceTree = "<group>";
		};
		A3F8CD5B1BDD10DA0019C58C /* Rules */ = {
			isa = PBXGroup;
			children = (
			);
			name = Rules;
			sourceTree = "<group>";
		};
		A3F8CD5C1BDD10E20019C58C /* Behaviors */ = {
			isa = PBXGroup;
			children = (
			);
			name = Behaviors;
			sourceTree = "<group>";
		};
/* End PBXGroup section */

/* Begin PBXNativeTarget section */
		A3BB0F911BDB959C008D8C1A /* TankBattle */ = {
			isa = PBXNativeTarget;
			buildConfigurationList = A3BB0FBE1BDB959D008D8C1A /* Build configuration list for PBXNativeTarget "TankBattle" */;
			buildPhases = (
				A3BB0F8E1BDB959C008D8C1A /* Sources */,
				A3BB0F8F1BDB959C008D8C1A /* Frameworks */,
				A3BB0F901BDB959C008D8C1A /* Resources */,
			);
			buildRules = (
			);
			dependencies = (
			);
			name = TankBattle;
			productName = TankBattle;
			productReference = A3BB0F921BDB959C008D8C1A /* TankBattle.app */;
			productType = "com.apple.product-type.application";
		};
		A3BB0FA91BDB959D008D8C1A /* TankBattleTests */ = {
			isa = PBXNativeTarget;
			buildConfigurationList = A3BB0FC11BDB959D008D8C1A /* Build configuration list for PBXNativeTarget "TankBattleTests" */;
			buildPhases = (
				A3BB0FA61BDB959D008D8C1A /* Sources */,
				A3BB0FA71BDB959D008D8C1A /* Frameworks */,
				A3BB0FA81BDB959D008D8C1A /* Resources */,
			);
			buildRules = (
			);
			dependencies = (
				A3BB0FAC1BDB959D008D8C1A /* PBXTargetDependency */,
			);
			name = TankBattleTests;
			productName = TankBattleTests;
			productReference = A3BB0FAA1BDB959D008D8C1A /* TankBattleTests.xctest */;
			productType = "com.apple.product-type.bundle.unit-test";
		};
		A3BB0FB41BDB959D008D8C1A /* TankBattleUITests */ = {
			isa = PBXNativeTarget;
			buildConfigurationList = A3BB0FC41BDB959D008D8C1A /* Build configuration list for PBXNativeTarget "TankBattleUITests" */;
			buildPhases = (
				A3BB0FB11BDB959D008D8C1A /* Sources */,
				A3BB0FB21BDB959D008D8C1A /* Frameworks */,
				A3BB0FB31BDB959D008D8C1A /* Resources */,
			);
			buildRules = (
			);
			dependencies = (
				A3BB0FB71BDB959D008D8C1A /* PBXTargetDependency */,
			);
			name = TankBattleUITests;
			productName = TankBattleUITests;
			productReference = A3BB0FB51BDB959D008D8C1A /* TankBattleUITests.xctest */;
			productType = "com.apple.product-type.bundle.ui-testing";
		};
/* End PBXNativeTarget section */

/* Begin PBXProject section */
		A3BB0F8A1BDB959C008D8C1A /* Project object */ = {
			isa = PBXProject;
			attributes = {
				LastSwiftUpdateCheck = 0710;
				LastUpgradeCheck = 0710;
				ORGANIZATIONNAME = "sunny sun";
				TargetAttributes = {
					A3BB0F911BDB959C008D8C1A = {
						CreatedOnToolsVersion = 7.1;
					};
					A3BB0FA91BDB959D008D8C1A = {
						CreatedOnToolsVersion = 7.1;
						TestTargetID = A3BB0F911BDB959C008D8C1A;
					};
					A3BB0FB41BDB959D008D8C1A = {
						CreatedOnToolsVersion = 7.1;
						TestTargetID = A3BB0F911BDB959C008D8C1A;
					};
				};
			};
			buildConfigurationList = A3BB0F8D1BDB959C008D8C1A /* Build configuration list for PBXProject "TankBattle" */;
			compatibilityVersion = "Xcode 3.2";
			developmentRegion = English;
			hasScannedForEncodings = 0;
			knownRegions = (
				en,
				Base,
			);
			mainGroup = A3BB0F891BDB959C008D8C1A;
			productRefGroup = A3BB0F931BDB959C008D8C1A /* Products */;
			projectDirPath = "";
			projectRoot = "";
			targets = (
				A3BB0F911BDB959C008D8C1A /* TankBattle */,
				A3BB0FA91BDB959D008D8C1A /* TankBattleTests */,
				A3BB0FB41BDB959D008D8C1A /* TankBattleUITests */,
			);
		};
/* End PBXProject section */

/* Begin PBXResourcesBuildPhase section */
		A3BB0F901BDB959C008D8C1A /* Resources */ = {
			isa = PBXResourcesBuildPhase;
			buildActionMask = 2147483647;
			files = (
				A3579D081BDDC0F8004F9020 /* common.xcassets in Resources */,
				A304BA0A1BE09D170082854C /* HomeScene.sks in Resources */,
				A304BA031BE06B130082854C /* SceneConfiguration.plist in Resources */,
				A3BB0FA41BDB959D008D8C1A /* LaunchScreen.storyboard in Resources */,
				A3579D061BDDBE1B004F9020 /* Level1.sks in Resources */,
				A3F87C501BE5ECFC00C685CB /* SelectLevelScene.sks in Resources */,
				A3F8CD621BDD15BF0019C58C /* NormalTaskTank.xcassets in Resources */,
				A3F8CD5E1BDD14F00019C58C /* PlayerTank.xcassets in Resources */,
				A3579D481BDDCCDE004F9020 /* Assets.xcassets in Resources */,
				A3BB0F9F1BDB959D008D8C1A /* Main.storyboard in Resources */,
			);
			runOnlyForDeploymentPostprocessing = 0;
		};
		A3BB0FA81BDB959D008D8C1A /* Resources */ = {
			isa = PBXResourcesBuildPhase;
			buildActionMask = 2147483647;
			files = (
			);
			runOnlyForDeploymentPostprocessing = 0;
		};
		A3BB0FB31BDB959D008D8C1A /* Resources */ = {
			isa = PBXResourcesBuildPhase;
			buildActionMask = 2147483647;
			files = (
			);
			runOnlyForDeploymentPostprocessing = 0;
		};
/* End PBXResourcesBuildPhase section */

/* Begin PBXSourcesBuildPhase section */
		A3BB0F8E1BDB959C008D8C1A /* Sources */ = {
			isa = PBXSourcesBuildPhase;
			buildActionMask = 2147483647;
			files = (
				A304BA051BE097700082854C /* HomeEndScene.swift in Sources */,
				A3579D4B1BDDD7E2004F9020 /* GameConfiguration.swift in Sources */,
				A300BCBA1BECAFA500F961E6 /* LevelScenePauseState.swift in Sources */,
				A30D727C1BDEF87600BBA2EC /* LoadSceneOperation.swift in Sources */,
				A3579D701BDE0896004F9020 /* SceneOverlay.swift in Sources */,
				A3579D6A1BDE0072004F9020 /* SceneLoaderResourcesAvailableState.swift in Sources */,
				A3579D611BDDFDA5004F9020 /* ResourceLoadableType.swift in Sources */,
				A3579D761BDE0DDA004F9020 /* BaseScene+Focus.swift in Sources */,
				A3579D4D1BDDDF3A004F9020 /* TouchControlInputNode.swift in Sources */,
				A3579D741BDE0D4D004F9020 /* BaseScene+Buttons.swift in Sources */,
				A304BA071BE097C60082854C /* LevelScene.swift in Sources */,
				A300BCBE1BECB01000F961E6 /* LevelSceneFailState.swift in Sources */,
				A3021B461BE65FF6006AD451 /* SelectSceneButtonNode.swift in Sources */,
				A3579D591BDDF7F6004F9020 /* SceneManager.swift in Sources */,
				A300BCBC1BECAFFE00F961E6 /* LevelSceneSuccessState.swift in Sources */,
				A3F87C4D1BE5EBFF00C685CB /* SelectLevelScene.swift in Sources */,
				A3579D5F1BDDFC4B004F9020 /* SceneLoader.swift in Sources */,
				A30D72801BDEF9C200BBA2EC /* BaseScene+TouchEventForwarding.swift in Sources */,
				A3579D5B1BDDF874004F9020 /* SceneMetadata.swift in Sources */,
				A3579D4F1BDDE0A6004F9020 /* ThumbStickNode.swift in Sources */,
				A3579D541BDDF465004F9020 /* GameInput.swift in Sources */,
				A3579D5D1BDDF945004F9020 /* BaseScene.swift in Sources */,
				A300BCB81BECAF8700F961E6 /* LevelSceneActiveState.swift in Sources */,
				A3BB0F9C1BDB959D008D8C1A /* GameViewController.swift in Sources */,
				A3579D721BDE0C9D004F9020 /* ButtonNode.swift in Sources */,
				A3579D6C1BDE00C6004F9020 /* SceneLoaderPreparingResourcesState.swift in Sources */,
				A3579D6E1BDE0158004F9020 /* SceneLoaderResourcesReadyState.swift in Sources */,
				A3579D561BDDF50F004F9020 /* GameControllerInputSource.swift in Sources */,
				A3579D661BDDFFC8004F9020 /* SceneLoaderDownloadingResourcesState.swift in Sources */,
				A3BB0F961BDB959C008D8C1A /* AppDelegate.swift in Sources */,
				A30D72821BDEFAE500BBA2EC /* LoadResourcesOperation.swift in Sources */,
				A304EF961BEC562E00CABDFC /* BaseScene+SelSceneButton.swift in Sources */,
				A3579D521BDDE8AE004F9020 /* ControlInputSource.swift in Sources */,
				A30D727E1BDEF91F00BBA2EC /* Operation.swift in Sources */,
				A3579D681BDE0030004F9020 /* SceneLoaderDownloadFailedState.swift in Sources */,
				A3579D641BDDFF51004F9020 /* SceneLoaderInitialState.swift in Sources */,
			);
			runOnlyForDeploymentPostprocessing = 0;
		};
		A3BB0FA61BDB959D008D8C1A /* Sources */ = {
			isa = PBXSourcesBuildPhase;
			buildActionMask = 2147483647;
			files = (
				A3BB0FAF1BDB959D008D8C1A /* TankBattleTests.swift in Sources */,
			);
			runOnlyForDeploymentPostprocessing = 0;
		};
		A3BB0FB11BDB959D008D8C1A /* Sources */ = {
			isa = PBXSourcesBuildPhase;
			buildActionMask = 2147483647;
			files = (
				A3BB0FBA1BDB959D008D8C1A /* TankBattleUITests.swift in Sources */,
			);
			runOnlyForDeploymentPostprocessing = 0;
		};
/* End PBXSourcesBuildPhase section */

/* Begin PBXTargetDependency section */
		A3BB0FAC1BDB959D008D8C1A /* PBXTargetDependency */ = {
			isa = PBXTargetDependency;
			target = A3BB0F911BDB959C008D8C1A /* TankBattle */;
			targetProxy = A3BB0FAB1BDB959D008D8C1A /* PBXContainerItemProxy */;
		};
		A3BB0FB71BDB959D008D8C1A /* PBXTargetDependency */ = {
			isa = PBXTargetDependency;
			target = A3BB0F911BDB959C008D8C1A /* TankBattle */;
			targetProxy = A3BB0FB61BDB959D008D8C1A /* PBXContainerItemProxy */;
		};
/* End PBXTargetDependency section */

/* Begin PBXVariantGroup section */
		A3BB0F9D1BDB959D008D8C1A /* Main.storyboard */ = {
			isa = PBXVariantGroup;
			children = (
				A3BB0F9E1BDB959D008D8C1A /* Base */,
			);
			name = Main.storyboard;
			path = TankBattle;
			sourceTree = "<group>";
		};
		A3BB0FA21BDB959D008D8C1A /* LaunchScreen.storyboard */ = {
			isa = PBXVariantGroup;
			children = (
				A3BB0FA31BDB959D008D8C1A /* Base */,
			);
			name = LaunchScreen.storyboard;
			path = TankBattle;
			sourceTree = "<group>";
		};
/* End PBXVariantGroup section */

/* Begin XCBuildConfiguration section */
		A3BB0FBC1BDB959D008D8C1A /* Debug */ = {
			isa = XCBuildConfiguration;
			buildSettings = {
				ALWAYS_SEARCH_USER_PATHS = NO;
				CLANG_CXX_LANGUAGE_STANDARD = "gnu++0x";
				CLANG_CXX_LIBRARY = "libc++";
				CLANG_ENABLE_MODULES = YES;
				CLANG_ENABLE_OBJC_ARC = YES;
				CLANG_WARN_BOOL_CONVERSION = YES;
				CLANG_WARN_CONSTANT_CONVERSION = YES;
				CLANG_WARN_DIRECT_OBJC_ISA_USAGE = YES_ERROR;
				CLANG_WARN_EMPTY_BODY = YES;
				CLANG_WARN_ENUM_CONVERSION = YES;
				CLANG_WARN_INT_CONVERSION = YES;
				CLANG_WARN_OBJC_ROOT_CLASS = YES_ERROR;
				CLANG_WARN_UNREACHABLE_CODE = YES;
				CLANG_WARN__DUPLICATE_METHOD_MATCH = YES;
				"CODE_SIGN_IDENTITY[sdk=iphoneos*]" = "iPhone Developer";
				COPY_PHASE_STRIP = NO;
				DEBUG_INFORMATION_FORMAT = "dwarf-with-dsym";
				ENABLE_STRICT_OBJC_MSGSEND = YES;
				ENABLE_TESTABILITY = YES;
				GCC_C_LANGUAGE_STANDARD = gnu99;
				GCC_DYNAMIC_NO_PIC = NO;
				GCC_NO_COMMON_BLOCKS = YES;
				GCC_OPTIMIZATION_LEVEL = 0;
				GCC_PREPROCESSOR_DEFINITIONS = (
					"DEBUG=1",
					"$(inherited)",
				);
				GCC_WARN_64_TO_32_BIT_CONVERSION = YES;
				GCC_WARN_ABOUT_RETURN_TYPE = YES_ERROR;
				GCC_WARN_UNDECLARED_SELECTOR = YES;
				GCC_WARN_UNINITIALIZED_AUTOS = YES_AGGRESSIVE;
				GCC_WARN_UNUSED_FUNCTION = YES;
				GCC_WARN_UNUSED_VARIABLE = YES;
				IPHONEOS_DEPLOYMENT_TARGET = 9.1;
				MTL_ENABLE_DEBUG_INFO = YES;
				ONLY_ACTIVE_ARCH = YES;
				SDKROOT = iphoneos;
				SWIFT_OPTIMIZATION_LEVEL = "-Onone";
			};
			name = Debug;
		};
		A3BB0FBD1BDB959D008D8C1A /* Release */ = {
			isa = XCBuildConfiguration;
			buildSettings = {
				ALWAYS_SEARCH_USER_PATHS = NO;
				CLANG_CXX_LANGUAGE_STANDARD = "gnu++0x";
				CLANG_CXX_LIBRARY = "libc++";
				CLANG_ENABLE_MODULES = YES;
				CLANG_ENABLE_OBJC_ARC = YES;
				CLANG_WARN_BOOL_CONVERSION = YES;
				CLANG_WARN_CONSTANT_CONVERSION = YES;
				CLANG_WARN_DIRECT_OBJC_ISA_USAGE = YES_ERROR;
				CLANG_WARN_EMPTY_BODY = YES;
				CLANG_WARN_ENUM_CONVERSION = YES;
				CLANG_WARN_INT_CONVERSION = YES;
				CLANG_WARN_OBJC_ROOT_CLASS = YES_ERROR;
				CLANG_WARN_UNREACHABLE_CODE = YES;
				CLANG_WARN__DUPLICATE_METHOD_MATCH = YES;
				"CODE_SIGN_IDENTITY[sdk=iphoneos*]" = "iPhone Developer";
				COPY_PHASE_STRIP = NO;
				DEBUG_INFORMATION_FORMAT = "dwarf-with-dsym";
				ENABLE_NS_ASSERTIONS = NO;
				ENABLE_STRICT_OBJC_MSGSEND = YES;
				GCC_C_LANGUAGE_STANDARD = gnu99;
				GCC_NO_COMMON_BLOCKS = YES;
				GCC_WARN_64_TO_32_BIT_CONVERSION = YES;
				GCC_WARN_ABOUT_RETURN_TYPE = YES_ERROR;
				GCC_WARN_UNDECLARED_SELECTOR = YES;
				GCC_WARN_UNINITIALIZED_AUTOS = YES_AGGRESSIVE;
				GCC_WARN_UNUSED_FUNCTION = YES;
				GCC_WARN_UNUSED_VARIABLE = YES;
				IPHONEOS_DEPLOYMENT_TARGET = 9.1;
				MTL_ENABLE_DEBUG_INFO = NO;
				SDKROOT = iphoneos;
				VALIDATE_PRODUCT = YES;
			};
			name = Release;
		};
		A3BB0FBF1BDB959D008D8C1A /* Debug */ = {
			isa = XCBuildConfiguration;
			buildSettings = {
				ASSETCATALOG_COMPILER_APPICON_NAME = AppIcon;
				INFOPLIST_FILE = TankBattle/Info.plist;
				LD_RUNPATH_SEARCH_PATHS = "$(inherited) @executable_path/Frameworks";
				PRODUCT_BUNDLE_IDENTIFIER = none.TankBattle;
				PRODUCT_NAME = "$(TARGET_NAME)";
			};
			name = Debug;
		};
		A3BB0FC01BDB959D008D8C1A /* Release */ = {
			isa = XCBuildConfiguration;
			buildSettings = {
				ASSETCATALOG_COMPILER_APPICON_NAME = AppIcon;
				INFOPLIST_FILE = TankBattle/Info.plist;
				LD_RUNPATH_SEARCH_PATHS = "$(inherited) @executable_path/Frameworks";
				PRODUCT_BUNDLE_IDENTIFIER = none.TankBattle;
				PRODUCT_NAME = "$(TARGET_NAME)";
			};
			name = Release;
		};
		A3BB0FC21BDB959D008D8C1A /* Debug */ = {
			isa = XCBuildConfiguration;
			buildSettings = {
				BUNDLE_LOADER = "$(TEST_HOST)";
				DEBUG_INFORMATION_FORMAT = dwarf;
				INFOPLIST_FILE = TankBattleTests/Info.plist;
				LD_RUNPATH_SEARCH_PATHS = "$(inherited) @executable_path/Frameworks @loader_path/Frameworks";
				PRODUCT_BUNDLE_IDENTIFIER = none.TankBattleTests;
				PRODUCT_NAME = "$(TARGET_NAME)";
				TEST_HOST = "$(BUILT_PRODUCTS_DIR)/TankBattle.app/TankBattle";
			};
			name = Debug;
		};
		A3BB0FC31BDB959D008D8C1A /* Release */ = {
			isa = XCBuildConfiguration;
			buildSettings = {
				BUNDLE_LOADER = "$(TEST_HOST)";
				INFOPLIST_FILE = TankBattleTests/Info.plist;
				LD_RUNPATH_SEARCH_PATHS = "$(inherited) @executable_path/Frameworks @loader_path/Frameworks";
				PRODUCT_BUNDLE_IDENTIFIER = none.TankBattleTests;
				PRODUCT_NAME = "$(TARGET_NAME)";
				TEST_HOST = "$(BUILT_PRODUCTS_DIR)/TankBattle.app/TankBattle";
			};
			name = Release;
		};
		A3BB0FC51BDB959D008D8C1A /* Debug */ = {
			isa = XCBuildConfiguration;
			buildSettings = {
				DEBUG_INFORMATION_FORMAT = dwarf;
				INFOPLIST_FILE = TankBattleUITests/Info.plist;
				LD_RUNPATH_SEARCH_PATHS = "$(inherited) @executable_path/Frameworks @loader_path/Frameworks";
				PRODUCT_BUNDLE_IDENTIFIER = none.TankBattleUITests;
				PRODUCT_NAME = "$(TARGET_NAME)";
				TEST_TARGET_NAME = TankBattle;
				USES_XCTRUNNER = YES;
			};
			name = Debug;
		};
		A3BB0FC61BDB959D008D8C1A /* Release */ = {
			isa = XCBuildConfiguration;
			buildSettings = {
				INFOPLIST_FILE = TankBattleUITests/Info.plist;
				LD_RUNPATH_SEARCH_PATHS = "$(inherited) @executable_path/Frameworks @loader_path/Frameworks";
				PRODUCT_BUNDLE_IDENTIFIER = none.TankBattleUITests;
				PRODUCT_NAME = "$(TARGET_NAME)";
				TEST_TARGET_NAME = TankBattle;
				USES_XCTRUNNER = YES;
			};
			name = Release;
		};
/* End XCBuildConfiguration section */

/* Begin XCConfigurationList section */
		A3BB0F8D1BDB959C008D8C1A /* Build configuration list for PBXProject "TankBattle" */ = {
			isa = XCConfigurationList;
			buildConfigurations = (
				A3BB0FBC1BDB959D008D8C1A /* Debug */,
				A3BB0FBD1BDB959D008D8C1A /* Release */,
			);
			defaultConfigurationIsVisible = 0;
			defaultConfigurationName = Release;
		};
		A3BB0FBE1BDB959D008D8C1A /* Build configuration list for PBXNativeTarget "TankBattle" */ = {
			isa = XCConfigurationList;
			buildConfigurations = (
				A3BB0FBF1BDB959D008D8C1A /* Debug */,
				A3BB0FC01BDB959D008D8C1A /* Release */,
			);
			defaultConfigurationIsVisible = 0;
			defaultConfigurationName = Release;
		};
		A3BB0FC11BDB959D008D8C1A /* Build configuration list for PBXNativeTarget "TankBattleTests" */ = {
			isa = XCConfigurationList;
			buildConfigurations = (
				A3BB0FC21BDB959D008D8C1A /* Debug */,
				A3BB0FC31BDB959D008D8C1A /* Release */,
			);
			defaultConfigurationIsVisible = 0;
			defaultConfigurationName = Release;
		};
		A3BB0FC41BDB959D008D8C1A /* Build configuration list for PBXNativeTarget "TankBattleUITests" */ = {
			isa = XCConfigurationList;
			buildConfigurations = (
				A3BB0FC51BDB959D008D8C1A /* Debug */,
				A3BB0FC61BDB959D008D8C1A /* Release */,
			);
			defaultConfigurationIsVisible = 0;
			defaultConfigurationName = Release;
		};
/* End XCConfigurationList section */
	};
	rootObject = A3BB0F8A1BDB959C008D8C1A /* Project object */;
}
